// !$*UTF8*$!
{
	archiveVersion = 1;
	classes = {
	};
	objectVersion = 51;
	objects = {

/* Begin PBXBuildFile section */
		B1688469234D2FD9000EFB3D /* AppDelegate.swift in Sources */ = {isa = PBXBuildFile; fileRef = B1688468234D2FD9000EFB3D /* AppDelegate.swift */; };
		B168846B234D2FD9000EFB3D /* SceneDelegate.swift in Sources */ = {isa = PBXBuildFile; fileRef = B168846A234D2FD9000EFB3D /* SceneDelegate.swift */; };
		B1688472234D2FD9000EFB3D /* Main.storyboard in Resources */ = {isa = PBXBuildFile; fileRef = B1688470234D2FD9000EFB3D /* Main.storyboard */; };
		B1688474234D2FDA000EFB3D /* Assets.xcassets in Resources */ = {isa = PBXBuildFile; fileRef = B1688473234D2FDA000EFB3D /* Assets.xcassets */; };
		B1688477234D2FDA000EFB3D /* LaunchScreen.storyboard in Resources */ = {isa = PBXBuildFile; fileRef = B1688475234D2FDA000EFB3D /* LaunchScreen.storyboard */; };
		B168848B234D33E6000EFB3D /* Product.swift in Sources */ = {isa = PBXBuildFile; fileRef = B168848A234D33E6000EFB3D /* Product.swift */; };
		B168848D234D3418000EFB3D /* Category.swift in Sources */ = {isa = PBXBuildFile; fileRef = B168848C234D3418000EFB3D /* Category.swift */; };
		B168848F234D3465000EFB3D /* Cart.swift in Sources */ = {isa = PBXBuildFile; fileRef = B168848E234D3465000EFB3D /* Cart.swift */; };
		B1688491234D34BC000EFB3D /* CartItem.swift in Sources */ = {isa = PBXBuildFile; fileRef = B1688490234D34BC000EFB3D /* CartItem.swift */; };
		B1688499234D3652000EFB3D /* ProductsVC.storyboard in Resources */ = {isa = PBXBuildFile; fileRef = B1688498234D3652000EFB3D /* ProductsVC.storyboard */; };
		B168849B234D3662000EFB3D /* ProductsVC.swift in Sources */ = {isa = PBXBuildFile; fileRef = B168849A234D3662000EFB3D /* ProductsVC.swift */; };
		B168849D234D3676000EFB3D /* CategoriesVC.storyboard in Resources */ = {isa = PBXBuildFile; fileRef = B168849C234D3676000EFB3D /* CategoriesVC.storyboard */; };
		B168849F234D367D000EFB3D /* CategoriesVC.swift in Sources */ = {isa = PBXBuildFile; fileRef = B168849E234D367D000EFB3D /* CategoriesVC.swift */; };
		B16884A1234D368D000EFB3D /* SearchVC.storyboard in Resources */ = {isa = PBXBuildFile; fileRef = B16884A0234D368D000EFB3D /* SearchVC.storyboard */; };
		B16884A3234D3696000EFB3D /* SearchVC.swift in Sources */ = {isa = PBXBuildFile; fileRef = B16884A2234D3696000EFB3D /* SearchVC.swift */; };
		B16884AC234D3716000EFB3D /* CartVC.storyboard in Resources */ = {isa = PBXBuildFile; fileRef = B16884AB234D3716000EFB3D /* CartVC.storyboard */; };
		B16884AE234D371E000EFB3D /* CartVC.swift in Sources */ = {isa = PBXBuildFile; fileRef = B16884AD234D371E000EFB3D /* CartVC.swift */; };
		B16884B0234D372D000EFB3D /* AuthVC.storyboard in Resources */ = {isa = PBXBuildFile; fileRef = B16884AF234D372D000EFB3D /* AuthVC.storyboard */; };
		B16884B2234D3734000EFB3D /* AuthVC.swift in Sources */ = {isa = PBXBuildFile; fileRef = B16884B1234D3734000EFB3D /* AuthVC.swift */; };
		B16884B4234D3746000EFB3D /* LoginVC.storyboard in Resources */ = {isa = PBXBuildFile; fileRef = B16884B3234D3746000EFB3D /* LoginVC.storyboard */; };
		B16884B6234D374D000EFB3D /* LoginVC.swift in Sources */ = {isa = PBXBuildFile; fileRef = B16884B5234D374D000EFB3D /* LoginVC.swift */; };
		B16884B8234D3759000EFB3D /* RegisterVC.storyboard in Resources */ = {isa = PBXBuildFile; fileRef = B16884B7234D3759000EFB3D /* RegisterVC.storyboard */; };
		B16884BA234D3761000EFB3D /* RegisterVC.swift in Sources */ = {isa = PBXBuildFile; fileRef = B16884B9234D3761000EFB3D /* RegisterVC.swift */; };
		B16884BC234D38D9000EFB3D /* DetailsVC.storyboard in Resources */ = {isa = PBXBuildFile; fileRef = B16884BB234D38D9000EFB3D /* DetailsVC.storyboard */; };
		B16884BE234D38E0000EFB3D /* DetailsVC.swift in Sources */ = {isa = PBXBuildFile; fileRef = B16884BD234D38E0000EFB3D /* DetailsVC.swift */; };
		B16884C5234D39A6000EFB3D /* SummaryVC.storyboard in Resources */ = {isa = PBXBuildFile; fileRef = B16884C4234D39A6000EFB3D /* SummaryVC.storyboard */; };
		B16884C7234D39B2000EFB3D /* SummaryVC.swift in Sources */ = {isa = PBXBuildFile; fileRef = B16884C6234D39B2000EFB3D /* SummaryVC.swift */; };
		B16884C9234D39BD000EFB3D /* ShippingVC.storyboard in Resources */ = {isa = PBXBuildFile; fileRef = B16884C8234D39BD000EFB3D /* ShippingVC.storyboard */; };
		B16884CB234D39C3000EFB3D /* ShippingVC.swift in Sources */ = {isa = PBXBuildFile; fileRef = B16884CA234D39C3000EFB3D /* ShippingVC.swift */; };
		B16884CD234D39CF000EFB3D /* PaymentVC.storyboard in Resources */ = {isa = PBXBuildFile; fileRef = B16884CC234D39CF000EFB3D /* PaymentVC.storyboard */; };
		B16884CF234D39DB000EFB3D /* PaymentVC.swift in Sources */ = {isa = PBXBuildFile; fileRef = B16884CE234D39DB000EFB3D /* PaymentVC.swift */; };
		B16884D1234D39E6000EFB3D /* CheckoutVC.storyboard in Resources */ = {isa = PBXBuildFile; fileRef = B16884D0234D39E6000EFB3D /* CheckoutVC.storyboard */; };
		B16884D3234D39EC000EFB3D /* CheckoutVC.swift in Sources */ = {isa = PBXBuildFile; fileRef = B16884D2234D39EC000EFB3D /* CheckoutVC.swift */; };
		B16884D5234D39F8000EFB3D /* ConfirmationVC.storyboard in Resources */ = {isa = PBXBuildFile; fileRef = B16884D4234D39F8000EFB3D /* ConfirmationVC.storyboard */; };
		B16884D7234D3A00000EFB3D /* ConfirmationVC.swift in Sources */ = {isa = PBXBuildFile; fileRef = B16884D6234D3A00000EFB3D /* ConfirmationVC.swift */; };
		B16884DF234D3CF2000EFB3D /* UILabel+Height.swift in Sources */ = {isa = PBXBuildFile; fileRef = B16884D8234D3CF1000EFB3D /* UILabel+Height.swift */; };
		B16884E0234D3CF2000EFB3D /* UITableView+Load.swift in Sources */ = {isa = PBXBuildFile; fileRef = B16884D9234D3CF1000EFB3D /* UITableView+Load.swift */; };
		B16884E1234D3CF2000EFB3D /* UIView+Load.swift in Sources */ = {isa = PBXBuildFile; fileRef = B16884DA234D3CF1000EFB3D /* UIView+Load.swift */; };
		B16884E2234D3CF2000EFB3D /* String+Extensions.swift in Sources */ = {isa = PBXBuildFile; fileRef = B16884DB234D3CF2000EFB3D /* String+Extensions.swift */; };
		B16884E3234D3CF2000EFB3D /* UICollectionView+Load.swift in Sources */ = {isa = PBXBuildFile; fileRef = B16884DC234D3CF2000EFB3D /* UICollectionView+Load.swift */; };
		B16884E4234D3CF2000EFB3D /* UIApplication+AppVersion.swift in Sources */ = {isa = PBXBuildFile; fileRef = B16884DD234D3CF2000EFB3D /* UIApplication+AppVersion.swift */; };
		B16884E5234D3CF3000EFB3D /* UIViewController+Load.swift in Sources */ = {isa = PBXBuildFile; fileRef = B16884DE234D3CF2000EFB3D /* UIViewController+Load.swift */; };
		FCE95E700A9E2D82B3655BC8 /* Pods_QA_Interview_Mobile_App.framework in Frameworks */ = {isa = PBXBuildFile; fileRef = 7FF3375FDB287933B49E8F86 /* Pods_QA_Interview_Mobile_App.framework */; };
/* End PBXBuildFile section */

/* Begin PBXFileReference section */
		2EDF996FFEE5ED786D57F745 /* Pods-QA Interview Mobile App.debug.xcconfig */ = {isa = PBXFileReference; includeInIndex = 1; lastKnownFileType = text.xcconfig; name = "Pods-QA Interview Mobile App.debug.xcconfig"; path = "Target Support Files/Pods-QA Interview Mobile App/Pods-QA Interview Mobile App.debug.xcconfig"; sourceTree = "<group>"; };
		7FF3375FDB287933B49E8F86 /* Pods_QA_Interview_Mobile_App.framework */ = {isa = PBXFileReference; explicitFileType = wrapper.framework; includeInIndex = 0; path = Pods_QA_Interview_Mobile_App.framework; sourceTree = BUILT_PRODUCTS_DIR; };
		B1688465234D2FD9000EFB3D /* QA Interview Mobile App.app */ = {isa = PBXFileReference; explicitFileType = wrapper.application; includeInIndex = 0; path = "QA Interview Mobile App.app"; sourceTree = BUILT_PRODUCTS_DIR; };
		B1688468234D2FD9000EFB3D /* AppDelegate.swift */ = {isa = PBXFileReference; lastKnownFileType = sourcecode.swift; path = AppDelegate.swift; sourceTree = "<group>"; };
		B168846A234D2FD9000EFB3D /* SceneDelegate.swift */ = {isa = PBXFileReference; lastKnownFileType = sourcecode.swift; path = SceneDelegate.swift; sourceTree = "<group>"; };
		B1688471234D2FD9000EFB3D /* Base */ = {isa = PBXFileReference; lastKnownFileType = file.storyboard; name = Base; path = Base.lproj/Main.storyboard; sourceTree = "<group>"; };
		B1688473234D2FDA000EFB3D /* Assets.xcassets */ = {isa = PBXFileReference; lastKnownFileType = folder.assetcatalog; path = Assets.xcassets; sourceTree = "<group>"; };
		B1688476234D2FDA000EFB3D /* Base */ = {isa = PBXFileReference; lastKnownFileType = file.storyboard; name = Base; path = Base.lproj/LaunchScreen.storyboard; sourceTree = "<group>"; };
		B1688478234D2FDA000EFB3D /* Info.plist */ = {isa = PBXFileReference; lastKnownFileType = text.plist.xml; path = Info.plist; sourceTree = "<group>"; };
		B168848A234D33E6000EFB3D /* Product.swift */ = {isa = PBXFileReference; lastKnownFileType = sourcecode.swift; path = Product.swift; sourceTree = "<group>"; };
		B168848C234D3418000EFB3D /* Category.swift */ = {isa = PBXFileReference; lastKnownFileType = sourcecode.swift; path = Category.swift; sourceTree = "<group>"; };
		B168848E234D3465000EFB3D /* Cart.swift */ = {isa = PBXFileReference; lastKnownFileType = sourcecode.swift; path = Cart.swift; sourceTree = "<group>"; };
		B1688490234D34BC000EFB3D /* CartItem.swift */ = {isa = PBXFileReference; lastKnownFileType = sourcecode.swift; path = CartItem.swift; sourceTree = "<group>"; };
		B1688498234D3652000EFB3D /* ProductsVC.storyboard */ = {isa = PBXFileReference; lastKnownFileType = file.storyboard; path = ProductsVC.storyboard; sourceTree = "<group>"; };
		B168849A234D3662000EFB3D /* ProductsVC.swift */ = {isa = PBXFileReference; lastKnownFileType = sourcecode.swift; path = ProductsVC.swift; sourceTree = "<group>"; };
		B168849C234D3676000EFB3D /* CategoriesVC.storyboard */ = {isa = PBXFileReference; lastKnownFileType = file.storyboard; path = CategoriesVC.storyboard; sourceTree = "<group>"; };
		B168849E234D367D000EFB3D /* CategoriesVC.swift */ = {isa = PBXFileReference; lastKnownFileType = sourcecode.swift; path = CategoriesVC.swift; sourceTree = "<group>"; };
		B16884A0234D368D000EFB3D /* SearchVC.storyboard */ = {isa = PBXFileReference; lastKnownFileType = file.storyboard; path = SearchVC.storyboard; sourceTree = "<group>"; };
		B16884A2234D3696000EFB3D /* SearchVC.swift */ = {isa = PBXFileReference; lastKnownFileType = sourcecode.swift; path = SearchVC.swift; sourceTree = "<group>"; };
		B16884AB234D3716000EFB3D /* CartVC.storyboard */ = {isa = PBXFileReference; lastKnownFileType = file.storyboard; path = CartVC.storyboard; sourceTree = "<group>"; };
		B16884AD234D371E000EFB3D /* CartVC.swift */ = {isa = PBXFileReference; lastKnownFileType = sourcecode.swift; path = CartVC.swift; sourceTree = "<group>"; };
		B16884AF234D372D000EFB3D /* AuthVC.storyboard */ = {isa = PBXFileReference; lastKnownFileType = file.storyboard; path = AuthVC.storyboard; sourceTree = "<group>"; };
		B16884B1234D3734000EFB3D /* AuthVC.swift */ = {isa = PBXFileReference; lastKnownFileType = sourcecode.swift; path = AuthVC.swift; sourceTree = "<group>"; };
		B16884B3234D3746000EFB3D /* LoginVC.storyboard */ = {isa = PBXFileReference; lastKnownFileType = file.storyboard; path = LoginVC.storyboard; sourceTree = "<group>"; };
		B16884B5234D374D000EFB3D /* LoginVC.swift */ = {isa = PBXFileReference; lastKnownFileType = sourcecode.swift; path = LoginVC.swift; sourceTree = "<group>"; };
		B16884B7234D3759000EFB3D /* RegisterVC.storyboard */ = {isa = PBXFileReference; lastKnownFileType = file.storyboard; path = RegisterVC.storyboard; sourceTree = "<group>"; };
		B16884B9234D3761000EFB3D /* RegisterVC.swift */ = {isa = PBXFileReference; lastKnownFileType = sourcecode.swift; path = RegisterVC.swift; sourceTree = "<group>"; };
		B16884BB234D38D9000EFB3D /* DetailsVC.storyboard */ = {isa = PBXFileReference; lastKnownFileType = file.storyboard; path = DetailsVC.storyboard; sourceTree = "<group>"; };
		B16884BD234D38E0000EFB3D /* DetailsVC.swift */ = {isa = PBXFileReference; lastKnownFileType = sourcecode.swift; path = DetailsVC.swift; sourceTree = "<group>"; };
		B16884C4234D39A6000EFB3D /* SummaryVC.storyboard */ = {isa = PBXFileReference; lastKnownFileType = file.storyboard; path = SummaryVC.storyboard; sourceTree = "<group>"; };
		B16884C6234D39B2000EFB3D /* SummaryVC.swift */ = {isa = PBXFileReference; lastKnownFileType = sourcecode.swift; path = SummaryVC.swift; sourceTree = "<group>"; };
		B16884C8234D39BD000EFB3D /* ShippingVC.storyboard */ = {isa = PBXFileReference; lastKnownFileType = file.storyboard; path = ShippingVC.storyboard; sourceTree = "<group>"; };
		B16884CA234D39C3000EFB3D /* ShippingVC.swift */ = {isa = PBXFileReference; lastKnownFileType = sourcecode.swift; path = ShippingVC.swift; sourceTree = "<group>"; };
		B16884CC234D39CF000EFB3D /* PaymentVC.storyboard */ = {isa = PBXFileReference; lastKnownFileType = file.storyboard; path = PaymentVC.storyboard; sourceTree = "<group>"; };
		B16884CE234D39DB000EFB3D /* PaymentVC.swift */ = {isa = PBXFileReference; lastKnownFileType = sourcecode.swift; path = PaymentVC.swift; sourceTree = "<group>"; };
		B16884D0234D39E6000EFB3D /* CheckoutVC.storyboard */ = {isa = PBXFileReference; lastKnownFileType = file.storyboard; path = CheckoutVC.storyboard; sourceTree = "<group>"; };
		B16884D2234D39EC000EFB3D /* CheckoutVC.swift */ = {isa = PBXFileReference; lastKnownFileType = sourcecode.swift; path = CheckoutVC.swift; sourceTree = "<group>"; };
		B16884D4234D39F8000EFB3D /* ConfirmationVC.storyboard */ = {isa = PBXFileReference; lastKnownFileType = file.storyboard; path = ConfirmationVC.storyboard; sourceTree = "<group>"; };
		B16884D6234D3A00000EFB3D /* ConfirmationVC.swift */ = {isa = PBXFileReference; lastKnownFileType = sourcecode.swift; path = ConfirmationVC.swift; sourceTree = "<group>"; };
		B16884D8234D3CF1000EFB3D /* UILabel+Height.swift */ = {isa = PBXFileReference; fileEncoding = 4; lastKnownFileType = sourcecode.swift; path = "UILabel+Height.swift"; sourceTree = "<group>"; };
		B16884D9234D3CF1000EFB3D /* UITableView+Load.swift */ = {isa = PBXFileReference; fileEncoding = 4; lastKnownFileType = sourcecode.swift; path = "UITableView+Load.swift"; sourceTree = "<group>"; };
		B16884DA234D3CF1000EFB3D /* UIView+Load.swift */ = {isa = PBXFileReference; fileEncoding = 4; lastKnownFileType = sourcecode.swift; path = "UIView+Load.swift"; sourceTree = "<group>"; };
		B16884DB234D3CF2000EFB3D /* String+Extensions.swift */ = {isa = PBXFileReference; fileEncoding = 4; lastKnownFileType = sourcecode.swift; path = "String+Extensions.swift"; sourceTree = "<group>"; };
		B16884DC234D3CF2000EFB3D /* UICollectionView+Load.swift */ = {isa = PBXFileReference; fileEncoding = 4; lastKnownFileType = sourcecode.swift; path = "UICollectionView+Load.swift"; sourceTree = "<group>"; };
		B16884DD234D3CF2000EFB3D /* UIApplication+AppVersion.swift */ = {isa = PBXFileReference; fileEncoding = 4; lastKnownFileType = sourcecode.swift; path = "UIApplication+AppVersion.swift"; sourceTree = "<group>"; };
		B16884DE234D3CF2000EFB3D /* UIViewController+Load.swift */ = {isa = PBXFileReference; fileEncoding = 4; lastKnownFileType = sourcecode.swift; path = "UIViewController+Load.swift"; sourceTree = "<group>"; };
		BF44AAE1893CA43FEDB54CB9 /* Pods-QA Interview Mobile App.release.xcconfig */ = {isa = PBXFileReference; includeInIndex = 1; lastKnownFileType = text.xcconfig; name = "Pods-QA Interview Mobile App.release.xcconfig"; path = "Target Support Files/Pods-QA Interview Mobile App/Pods-QA Interview Mobile App.release.xcconfig"; sourceTree = "<group>"; };
/* End PBXFileReference section */

/* Begin PBXFrameworksBuildPhase section */
		B1688462234D2FD9000EFB3D /* Frameworks */ = {
			isa = PBXFrameworksBuildPhase;
			buildActionMask = 2147483647;
			files = (
				FCE95E700A9E2D82B3655BC8 /* Pods_QA_Interview_Mobile_App.framework in Frameworks */,
			);
			runOnlyForDeploymentPostprocessing = 0;
		};
/* End PBXFrameworksBuildPhase section */

/* Begin PBXGroup section */
		B168845C234D2FD9000EFB3D = {
			isa = PBXGroup;
			children = (
				B1688467234D2FD9000EFB3D /* QA Interview Mobile App */,
				B1688466234D2FD9000EFB3D /* Products */,
				DA7E56D2E028F52870C89841 /* Pods */,
				BBB8BD9B052A7C022F38CD4C /* Frameworks */,
			);
			sourceTree = "<group>";
		};
		B1688466234D2FD9000EFB3D /* Products */ = {
			isa = PBXGroup;
			children = (
				B1688465234D2FD9000EFB3D /* QA Interview Mobile App.app */,
			);
			name = Products;
			sourceTree = "<group>";
		};
		B1688467234D2FD9000EFB3D /* QA Interview Mobile App */ = {
			isa = PBXGroup;
			children = (
				B1688480234D32CD000EFB3D /* Entity */,
				B168847F234D32C5000EFB3D /* Presenter */,
				B168847E234D32BF000EFB3D /* View */,
				B1688468234D2FD9000EFB3D /* AppDelegate.swift */,
				B168846A234D2FD9000EFB3D /* SceneDelegate.swift */,
				B1688478234D2FDA000EFB3D /* Info.plist */,
			);
			path = "QA Interview Mobile App";
			sourceTree = "<group>";
		};
		B168847E234D32BF000EFB3D /* View */ = {
			isa = PBXGroup;
			children = (
				B1688481234D32DC000EFB3D /* ViewController */,
				B1688483234D32F0000EFB3D /* Extension */,
				B1688482234D32EA000EFB3D /* Asset */,
			);
			path = View;
			sourceTree = "<group>";
		};
		B168847F234D32C5000EFB3D /* Presenter */ = {
			isa = PBXGroup;
			children = (
			);
			path = Presenter;
			sourceTree = "<group>";
		};
		B1688480234D32CD000EFB3D /* Entity */ = {
			isa = PBXGroup;
			children = (
				B168848A234D33E6000EFB3D /* Product.swift */,
				B168848C234D3418000EFB3D /* Category.swift */,
				B168848E234D3465000EFB3D /* Cart.swift */,
				B1688490234D34BC000EFB3D /* CartItem.swift */,
			);
			path = Entity;
			sourceTree = "<group>";
		};
		B1688481234D32DC000EFB3D /* ViewController */ = {
			isa = PBXGroup;
			children = (
				B1688484234D3302000EFB3D /* Launch */,
				B1688485234D3317000EFB3D /* TabBar */,
				B1688486234D339D000EFB3D /* Products */,
				B1688487234D33B0000EFB3D /* Categories */,
				B1688488234D33C1000EFB3D /* Search */,
				B1688489234D33CA000EFB3D /* Cart */,
				B1688493234D35E0000EFB3D /* Details */,
				B16884A4234D36A4000EFB3D /* Auth */,
				B16884A5234D36B5000EFB3D /* Login */,
				B16884A6234D36BA000EFB3D /* Register */,
				B16884BF234D3912000EFB3D /* Summary */,
				B16884C0234D391D000EFB3D /* Shipping */,
				B16884C1234D3941000EFB3D /* Payment */,
				B16884C2234D3946000EFB3D /* Checkout */,
				B16884C3234D394D000EFB3D /* Confirmation */,
			);
			path = ViewController;
			sourceTree = "<group>";
		};
		B1688482234D32EA000EFB3D /* Asset */ = {
			isa = PBXGroup;
			children = (
				B1688473234D2FDA000EFB3D /* Assets.xcassets */,
			);
			path = Asset;
			sourceTree = "<group>";
		};
		B1688483234D32F0000EFB3D /* Extension */ = {
			isa = PBXGroup;
			children = (
				B16884DB234D3CF2000EFB3D /* String+Extensions.swift */,
				B16884DD234D3CF2000EFB3D /* UIApplication+AppVersion.swift */,
				B16884DC234D3CF2000EFB3D /* UICollectionView+Load.swift */,
				B16884D8234D3CF1000EFB3D /* UILabel+Height.swift */,
				B16884D9234D3CF1000EFB3D /* UITableView+Load.swift */,
				B16884DA234D3CF1000EFB3D /* UIView+Load.swift */,
				B16884DE234D3CF2000EFB3D /* UIViewController+Load.swift */,
			);
			path = Extension;
			sourceTree = "<group>";
		};
		B1688484234D3302000EFB3D /* Launch */ = {
			isa = PBXGroup;
			children = (
				B1688475234D2FDA000EFB3D /* LaunchScreen.storyboard */,
			);
			path = Launch;
			sourceTree = "<group>";
		};
		B1688485234D3317000EFB3D /* TabBar */ = {
			isa = PBXGroup;
			children = (
				B1688470234D2FD9000EFB3D /* Main.storyboard */,
			);
			path = TabBar;
			sourceTree = "<group>";
		};
		B1688486234D339D000EFB3D /* Products */ = {
			isa = PBXGroup;
			children = (
				B1688498234D3652000EFB3D /* ProductsVC.storyboard */,
				B168849A234D3662000EFB3D /* ProductsVC.swift */,
			);
			path = Products;
			sourceTree = "<group>";
		};
		B1688487234D33B0000EFB3D /* Categories */ = {
			isa = PBXGroup;
			children = (
				B168849C234D3676000EFB3D /* CategoriesVC.storyboard */,
				B168849E234D367D000EFB3D /* CategoriesVC.swift */,
			);
			path = Categories;
			sourceTree = "<group>";
		};
		B1688488234D33C1000EFB3D /* Search */ = {
			isa = PBXGroup;
			children = (
				B16884A0234D368D000EFB3D /* SearchVC.storyboard */,
				B16884A2234D3696000EFB3D /* SearchVC.swift */,
			);
			path = Search;
			sourceTree = "<group>";
		};
		B1688489234D33CA000EFB3D /* Cart */ = {
			isa = PBXGroup;
			children = (
				B16884AB234D3716000EFB3D /* CartVC.storyboard */,
				B16884AD234D371E000EFB3D /* CartVC.swift */,
			);
			path = Cart;
			sourceTree = "<group>";
		};
		B1688493234D35E0000EFB3D /* Details */ = {
			isa = PBXGroup;
			children = (
				B16884BB234D38D9000EFB3D /* DetailsVC.storyboard */,
				B16884BD234D38E0000EFB3D /* DetailsVC.swift */,
			);
			path = Details;
			sourceTree = "<group>";
		};
		B16884A4234D36A4000EFB3D /* Auth */ = {
			isa = PBXGroup;
			children = (
				B16884AF234D372D000EFB3D /* AuthVC.storyboard */,
				B16884B1234D3734000EFB3D /* AuthVC.swift */,
			);
			path = Auth;
			sourceTree = "<group>";
		};
		B16884A5234D36B5000EFB3D /* Login */ = {
			isa = PBXGroup;
			children = (
				B16884B3234D3746000EFB3D /* LoginVC.storyboard */,
				B16884B5234D374D000EFB3D /* LoginVC.swift */,
			);
			path = Login;
			sourceTree = "<group>";
		};
		B16884A6234D36BA000EFB3D /* Register */ = {
			isa = PBXGroup;
			children = (
				B16884B7234D3759000EFB3D /* RegisterVC.storyboard */,
				B16884B9234D3761000EFB3D /* RegisterVC.swift */,
			);
			path = Register;
			sourceTree = "<group>";
		};
		B16884BF234D3912000EFB3D /* Summary */ = {
			isa = PBXGroup;
			children = (
				B16884C4234D39A6000EFB3D /* SummaryVC.storyboard */,
				B16884C6234D39B2000EFB3D /* SummaryVC.swift */,
			);
			path = Summary;
			sourceTree = "<group>";
		};
		B16884C0234D391D000EFB3D /* Shipping */ = {
			isa = PBXGroup;
			children = (
				B16884C8234D39BD000EFB3D /* ShippingVC.storyboard */,
				B16884CA234D39C3000EFB3D /* ShippingVC.swift */,
			);
			path = Shipping;
			sourceTree = "<group>";
		};
		B16884C1234D3941000EFB3D /* Payment */ = {
			isa = PBXGroup;
			children = (
				B16884CC234D39CF000EFB3D /* PaymentVC.storyboard */,
				B16884CE234D39DB000EFB3D /* PaymentVC.swift */,
			);
			path = Payment;
			sourceTree = "<group>";
		};
		B16884C2234D3946000EFB3D /* Checkout */ = {
			isa = PBXGroup;
			children = (
				B16884D0234D39E6000EFB3D /* CheckoutVC.storyboard */,
				B16884D2234D39EC000EFB3D /* CheckoutVC.swift */,
			);
			path = Checkout;
			sourceTree = "<group>";
		};
		B16884C3234D394D000EFB3D /* Confirmation */ = {
			isa = PBXGroup;
			children = (
				B16884D4234D39F8000EFB3D /* ConfirmationVC.storyboard */,
				B16884D6234D3A00000EFB3D /* ConfirmationVC.swift */,
			);
			path = Confirmation;
			sourceTree = "<group>";
		};
		BBB8BD9B052A7C022F38CD4C /* Frameworks */ = {
			isa = PBXGroup;
			children = (
				7FF3375FDB287933B49E8F86 /* Pods_QA_Interview_Mobile_App.framework */,
			);
			name = Frameworks;
			sourceTree = "<group>";
		};
		DA7E56D2E028F52870C89841 /* Pods */ = {
			isa = PBXGroup;
			children = (
				2EDF996FFEE5ED786D57F745 /* Pods-QA Interview Mobile App.debug.xcconfig */,
				BF44AAE1893CA43FEDB54CB9 /* Pods-QA Interview Mobile App.release.xcconfig */,
			);
			path = Pods;
			sourceTree = "<group>";
		};
/* End PBXGroup section */

/* Begin PBXNativeTarget section */
		B1688464234D2FD9000EFB3D /* QA Interview Mobile App */ = {
			isa = PBXNativeTarget;
			buildConfigurationList = B168847B234D2FDA000EFB3D /* Build configuration list for PBXNativeTarget "QA Interview Mobile App" */;
			buildPhases = (
				AE7A346A8D3E00337C67E8D2 /* [CP] Check Pods Manifest.lock */,
				B1688461234D2FD9000EFB3D /* Sources */,
				B1688462234D2FD9000EFB3D /* Frameworks */,
				B1688463234D2FD9000EFB3D /* Resources */,
				00C932976A7EFB1B17FF513A /* [CP] Embed Pods Frameworks */,
			);
			buildRules = (
			);
			dependencies = (
			);
			name = "QA Interview Mobile App";
			productName = "QA Interview Mobile App";
			productReference = B1688465234D2FD9000EFB3D /* QA Interview Mobile App.app */;
			productType = "com.apple.product-type.application";
		};
/* End PBXNativeTarget section */

/* Begin PBXProject section */
		B168845D234D2FD9000EFB3D /* Project object */ = {
			isa = PBXProject;
			attributes = {
				LastSwiftUpdateCheck = 1110;
				LastUpgradeCheck = 1110;
				ORGANIZATIONNAME = "Belatrix Software";
				TargetAttributes = {
					B1688464234D2FD9000EFB3D = {
						CreatedOnToolsVersion = 11.1;
					};
				};
			};
			buildConfigurationList = B1688460234D2FD9000EFB3D /* Build configuration list for PBXProject "QA Interview Mobile App" */;
			compatibilityVersion = "Xcode 9.3";
			developmentRegion = en;
			hasScannedForEncodings = 0;
			knownRegions = (
				en,
				Base,
			);
			mainGroup = B168845C234D2FD9000EFB3D;
			productRefGroup = B1688466234D2FD9000EFB3D /* Products */;
			projectDirPath = "";
			projectRoot = "";
			targets = (
				B1688464234D2FD9000EFB3D /* QA Interview Mobile App */,
			);
		};
/* End PBXProject section */

/* Begin PBXResourcesBuildPhase section */
		B1688463234D2FD9000EFB3D /* Resources */ = {
			isa = PBXResourcesBuildPhase;
			buildActionMask = 2147483647;
			files = (
				B168849D234D3676000EFB3D /* CategoriesVC.storyboard in Resources */,
				B1688499234D3652000EFB3D /* ProductsVC.storyboard in Resources */,
				B16884D5234D39F8000EFB3D /* ConfirmationVC.storyboard in Resources */,
				B1688477234D2FDA000EFB3D /* LaunchScreen.storyboard in Resources */,
				B16884D1234D39E6000EFB3D /* CheckoutVC.storyboard in Resources */,
				B16884B8234D3759000EFB3D /* RegisterVC.storyboard in Resources */,
				B16884B4234D3746000EFB3D /* LoginVC.storyboard in Resources */,
				B16884BC234D38D9000EFB3D /* DetailsVC.storyboard in Resources */,
				B16884AC234D3716000EFB3D /* CartVC.storyboard in Resources */,
				B16884A1234D368D000EFB3D /* SearchVC.storyboard in Resources */,
				B16884B0234D372D000EFB3D /* AuthVC.storyboard in Resources */,
				B16884C9234D39BD000EFB3D /* ShippingVC.storyboard in Resources */,
				B1688474234D2FDA000EFB3D /* Assets.xcassets in Resources */,
				B16884C5234D39A6000EFB3D /* SummaryVC.storyboard in Resources */,
				B16884CD234D39CF000EFB3D /* PaymentVC.storyboard in Resources */,
				B1688472234D2FD9000EFB3D /* Main.storyboard in Resources */,
			);
			runOnlyForDeploymentPostprocessing = 0;
		};
/* End PBXResourcesBuildPhase section */

/* Begin PBXShellScriptBuildPhase section */
		00C932976A7EFB1B17FF513A /* [CP] Embed Pods Frameworks */ = {
			isa = PBXShellScriptBuildPhase;
			buildActionMask = 2147483647;
			files = (
			);
			inputFileListPaths = (
				"${PODS_ROOT}/Target Support Files/Pods-QA Interview Mobile App/Pods-QA Interview Mobile App-frameworks-${CONFIGURATION}-input-files.xcfilelist",
			);
			name = "[CP] Embed Pods Frameworks";
			outputFileListPaths = (
				"${PODS_ROOT}/Target Support Files/Pods-QA Interview Mobile App/Pods-QA Interview Mobile App-frameworks-${CONFIGURATION}-output-files.xcfilelist",
			);
			runOnlyForDeploymentPostprocessing = 0;
			shellPath = /bin/sh;
			shellScript = "\"${PODS_ROOT}/Target Support Files/Pods-QA Interview Mobile App/Pods-QA Interview Mobile App-frameworks.sh\"\n";
			showEnvVarsInLog = 0;
		};
		AE7A346A8D3E00337C67E8D2 /* [CP] Check Pods Manifest.lock */ = {
			isa = PBXShellScriptBuildPhase;
			buildActionMask = 2147483647;
			files = (
			);
			inputFileListPaths = (
			);
			inputPaths = (
				"${PODS_PODFILE_DIR_PATH}/Podfile.lock",
				"${PODS_ROOT}/Manifest.lock",
			);
			name = "[CP] Check Pods Manifest.lock";
			outputFileListPaths = (
			);
			outputPaths = (
				"$(DERIVED_FILE_DIR)/Pods-QA Interview Mobile App-checkManifestLockResult.txt",
			);
			runOnlyForDeploymentPostprocessing = 0;
			shellPath = /bin/sh;
			shellScript = "diff \"${PODS_PODFILE_DIR_PATH}/Podfile.lock\" \"${PODS_ROOT}/Manifest.lock\" > /dev/null\nif [ $? != 0 ] ; then\n    # print error to STDERR\n    echo \"error: The sandbox is not in sync with the Podfile.lock. Run 'pod install' or update your CocoaPods installation.\" >&2\n    exit 1\nfi\n# This output is used by Xcode 'outputs' to avoid re-running this script phase.\necho \"SUCCESS\" > \"${SCRIPT_OUTPUT_FILE_0}\"\n";
			showEnvVarsInLog = 0;
		};
/* End PBXShellScriptBuildPhase section */

/* Begin PBXSourcesBuildPhase section */
		B1688461234D2FD9000EFB3D /* Sources */ = {
			isa = PBXSourcesBuildPhase;
			buildActionMask = 2147483647;
			files = (
				B16884A3234D3696000EFB3D /* SearchVC.swift in Sources */,
				B16884B2234D3734000EFB3D /* AuthVC.swift in Sources */,
				B16884C7234D39B2000EFB3D /* SummaryVC.swift in Sources */,
				B16884CF234D39DB000EFB3D /* PaymentVC.swift in Sources */,
				B16884D3234D39EC000EFB3D /* CheckoutVC.swift in Sources */,
				B16884AE234D371E000EFB3D /* CartVC.swift in Sources */,
				B1688491234D34BC000EFB3D /* CartItem.swift in Sources */,
				B168848B234D33E6000EFB3D /* Product.swift in Sources */,
				B168849F234D367D000EFB3D /* CategoriesVC.swift in Sources */,
				B16884BA234D3761000EFB3D /* RegisterVC.swift in Sources */,
				B16884BE234D38E0000EFB3D /* DetailsVC.swift in Sources */,
				B168848F234D3465000EFB3D /* Cart.swift in Sources */,
				B1688469234D2FD9000EFB3D /* AppDelegate.swift in Sources */,
				B16884E2234D3CF2000EFB3D /* String+Extensions.swift in Sources */,
				B16884D7234D3A00000EFB3D /* ConfirmationVC.swift in Sources */,
				B16884E1234D3CF2000EFB3D /* UIView+Load.swift in Sources */,
				B16884E3234D3CF2000EFB3D /* UICollectionView+Load.swift in Sources */,
				B168846B234D2FD9000EFB3D /* SceneDelegate.swift in Sources */,
				B168848D234D3418000EFB3D /* Category.swift in Sources */,
				B168849B234D3662000EFB3D /* ProductsVC.swift in Sources */,
				B16884DF234D3CF2000EFB3D /* UILabel+Height.swift in Sources */,
				B16884E0234D3CF2000EFB3D /* UITableView+Load.swift in Sources */,
				B16884E4234D3CF2000EFB3D /* UIApplication+AppVersion.swift in Sources */,
				B16884CB234D39C3000EFB3D /* ShippingVC.swift in Sources */,
				B16884E5234D3CF3000EFB3D /* UIViewController+Load.swift in Sources */,
				B16884B6234D374D000EFB3D /* LoginVC.swift in Sources */,
			);
			runOnlyForDeploymentPostprocessing = 0;
		};
/* End PBXSourcesBuildPhase section */

/* Begin PBXVariantGroup section */
		B1688470234D2FD9000EFB3D /* Main.storyboard */ = {
			isa = PBXVariantGroup;
			children = (
				B1688471234D2FD9000EFB3D /* Base */,
			);
			name = Main.storyboard;
			sourceTree = "<group>";
		};
		B1688475234D2FDA000EFB3D /* LaunchScreen.storyboard */ = {
			isa = PBXVariantGroup;
			children = (
				B1688476234D2FDA000EFB3D /* Base */,
			);
			name = LaunchScreen.storyboard;
			sourceTree = "<group>";
		};
/* End PBXVariantGroup section */

/* Begin XCBuildConfiguration section */
		B1688479234D2FDA000EFB3D /* Debug */ = {
			isa = XCBuildConfiguration;
			buildSettings = {
				ALWAYS_SEARCH_USER_PATHS = NO;
				CLANG_ANALYZER_NONNULL = YES;
				CLANG_ANALYZER_NUMBER_OBJECT_CONVERSION = YES_AGGRESSIVE;
				CLANG_CXX_LANGUAGE_STANDARD = "gnu++14";
				CLANG_CXX_LIBRARY = "libc++";
				CLANG_ENABLE_MODULES = YES;
				CLANG_ENABLE_OBJC_ARC = YES;
				CLANG_ENABLE_OBJC_WEAK = YES;
				CLANG_WARN_BLOCK_CAPTURE_AUTORELEASING = YES;
				CLANG_WARN_BOOL_CONVERSION = YES;
				CLANG_WARN_COMMA = YES;
				CLANG_WARN_CONSTANT_CONVERSION = YES;
				CLANG_WARN_DEPRECATED_OBJC_IMPLEMENTATIONS = YES;
				CLANG_WARN_DIRECT_OBJC_ISA_USAGE = YES_ERROR;
				CLANG_WARN_DOCUMENTATION_COMMENTS = YES;
				CLANG_WARN_EMPTY_BODY = YES;
				CLANG_WARN_ENUM_CONVERSION = YES;
				CLANG_WARN_INFINITE_RECURSION = YES;
				CLANG_WARN_INT_CONVERSION = YES;
				CLANG_WARN_NON_LITERAL_NULL_CONVERSION = YES;
				CLANG_WARN_OBJC_IMPLICIT_RETAIN_SELF = YES;
				CLANG_WARN_OBJC_LITERAL_CONVERSION = YES;
				CLANG_WARN_OBJC_ROOT_CLASS = YES_ERROR;
				CLANG_WARN_RANGE_LOOP_ANALYSIS = YES;
				CLANG_WARN_STRICT_PROTOTYPES = YES;
				CLANG_WARN_SUSPICIOUS_MOVE = YES;
				CLANG_WARN_UNGUARDED_AVAILABILITY = YES_AGGRESSIVE;
				CLANG_WARN_UNREACHABLE_CODE = YES;
				CLANG_WARN__DUPLICATE_METHOD_MATCH = YES;
				COPY_PHASE_STRIP = NO;
				DEBUG_INFORMATION_FORMAT = dwarf;
				ENABLE_STRICT_OBJC_MSGSEND = YES;
				ENABLE_TESTABILITY = YES;
				GCC_C_LANGUAGE_STANDARD = gnu11;
				GCC_DYNAMIC_NO_PIC = NO;
				GCC_NO_COMMON_BLOCKS = YES;
				GCC_OPTIMIZATION_LEVEL = 0;
				GCC_PREPROCESSOR_DEFINITIONS = (
					"DEBUG=1",
					"$(inherited)",
				);
				GCC_WARN_64_TO_32_BIT_CONVERSION = YES;
				GCC_WARN_ABOUT_RETURN_TYPE = YES_ERROR;
				GCC_WARN_UNDECLARED_SELECTOR = YES;
				GCC_WARN_UNINITIALIZED_AUTOS = YES_AGGRESSIVE;
				GCC_WARN_UNUSED_FUNCTION = YES;
				GCC_WARN_UNUSED_VARIABLE = YES;
				IPHONEOS_DEPLOYMENT_TARGET = 13.1;
				MTL_ENABLE_DEBUG_INFO = INCLUDE_SOURCE;
				MTL_FAST_MATH = YES;
				ONLY_ACTIVE_ARCH = YES;
				SDKROOT = iphoneos;
				SWIFT_ACTIVE_COMPILATION_CONDITIONS = DEBUG;
				SWIFT_OPTIMIZATION_LEVEL = "-Onone";
			};
			name = Debug;
		};
		B168847A234D2FDA000EFB3D /* Release */ = {
			isa = XCBuildConfiguration;
			buildSettings = {
				ALWAYS_SEARCH_USER_PATHS = NO;
				CLANG_ANALYZER_NONNULL = YES;
				CLANG_ANALYZER_NUMBER_OBJECT_CONVERSION = YES_AGGRESSIVE;
				CLANG_CXX_LANGUAGE_STANDARD = "gnu++14";
				CLANG_CXX_LIBRARY = "libc++";
				CLANG_ENABLE_MODULES = YES;
				CLANG_ENABLE_OBJC_ARC = YES;
				CLANG_ENABLE_OBJC_WEAK = YES;
				CLANG_WARN_BLOCK_CAPTURE_AUTORELEASING = YES;
				CLANG_WARN_BOOL_CONVERSION = YES;
				CLANG_WARN_COMMA = YES;
				CLANG_WARN_CONSTANT_CONVERSION = YES;
				CLANG_WARN_DEPRECATED_OBJC_IMPLEMENTATIONS = YES;
				CLANG_WARN_DIRECT_OBJC_ISA_USAGE = YES_ERROR;
				CLANG_WARN_DOCUMENTATION_COMMENTS = YES;
				CLANG_WARN_EMPTY_BODY = YES;
				CLANG_WARN_ENUM_CONVERSION = YES;
				CLANG_WARN_INFINITE_RECURSION = YES;
				CLANG_WARN_INT_CONVERSION = YES;
				CLANG_WARN_NON_LITERAL_NULL_CONVERSION = YES;
				CLANG_WARN_OBJC_IMPLICIT_RETAIN_SELF = YES;
				CLANG_WARN_OBJC_LITERAL_CONVERSION = YES;
				CLANG_WARN_OBJC_ROOT_CLASS = YES_ERROR;
				CLANG_WARN_RANGE_LOOP_ANALYSIS = YES;
				CLANG_WARN_STRICT_PROTOTYPES = YES;
				CLANG_WARN_SUSPICIOUS_MOVE = YES;
				CLANG_WARN_UNGUARDED_AVAILABILITY = YES_AGGRESSIVE;
				CLANG_WARN_UNREACHABLE_CODE = YES;
				CLANG_WARN__DUPLICATE_METHOD_MATCH = YES;
				COPY_PHASE_STRIP = NO;
				DEBUG_INFORMATION_FORMAT = "dwarf-with-dsym";
				ENABLE_NS_ASSERTIONS = NO;
				ENABLE_STRICT_OBJC_MSGSEND = YES;
				GCC_C_LANGUAGE_STANDARD = gnu11;
				GCC_NO_COMMON_BLOCKS = YES;
				GCC_WARN_64_TO_32_BIT_CONVERSION = YES;
				GCC_WARN_ABOUT_RETURN_TYPE = YES_ERROR;
				GCC_WARN_UNDECLARED_SELECTOR = YES;
				GCC_WARN_UNINITIALIZED_AUTOS = YES_AGGRESSIVE;
				GCC_WARN_UNUSED_FUNCTION = YES;
				GCC_WARN_UNUSED_VARIABLE = YES;
				IPHONEOS_DEPLOYMENT_TARGET = 13.1;
				MTL_ENABLE_DEBUG_INFO = NO;
				MTL_FAST_MATH = YES;
				SDKROOT = iphoneos;
				SWIFT_COMPILATION_MODE = wholemodule;
				SWIFT_OPTIMIZATION_LEVEL = "-O";
				VALIDATE_PRODUCT = YES;
			};
			name = Release;
		};
		B168847C234D2FDA000EFB3D /* Debug */ = {
			isa = XCBuildConfiguration;
			baseConfigurationReference = 2EDF996FFEE5ED786D57F745 /* Pods-QA Interview Mobile App.debug.xcconfig */;
			buildSettings = {
				ASSETCATALOG_COMPILER_APPICON_NAME = AppIcon;
				CODE_SIGN_STYLE = Automatic;
				INFOPLIST_FILE = "QA Interview Mobile App/Info.plist";
				LD_RUNPATH_SEARCH_PATHS = (
					"$(inherited)",
					"@executable_path/Frameworks",
				);
				PRODUCT_BUNDLE_IDENTIFIER = com.belatrixsf.qainterview;
				PRODUCT_NAME = "$(TARGET_NAME)";
				SWIFT_VERSION = 5.0;
				TARGETED_DEVICE_FAMILY = "1,2";
			};
			name = Debug;
		};
		B168847D234D2FDA000EFB3D /* Release */ = {
			isa = XCBuildConfiguration;
			baseConfigurationReference = BF44AAE1893CA43FEDB54CB9 /* Pods-QA Interview Mobile App.release.xcconfig */;
			buildSettings = {
				ASSETCATALOG_COMPILER_APPICON_NAME = AppIcon;
				CODE_SIGN_STYLE = Automatic;
				INFOPLIST_FILE = "QA Interview Mobile App/Info.plist";
				LD_RUNPATH_SEARCH_PATHS = (
					"$(inherited)",
					"@executable_path/Frameworks",
				);
				PRODUCT_BUNDLE_IDENTIFIER = com.belatrixsf.qainterview;
				PRODUCT_NAME = "$(TARGET_NAME)";
				SWIFT_VERSION = 5.0;
				TARGETED_DEVICE_FAMILY = "1,2";
			};
			name = Release;
		};
/* End XCBuildConfiguration section */

/* Begin XCConfigurationList section */
		B1688460234D2FD9000EFB3D /* Build configuration list for PBXProject "QA Interview Mobile App" */ = {
			isa = XCConfigurationList;
			buildConfigurations = (
				B1688479234D2FDA000EFB3D /* Debug */,
				B168847A234D2FDA000EFB3D /* Release */,
			);
			defaultConfigurationIsVisible = 0;
			defaultConfigurationName = Release;
		};
		B168847B234D2FDA000EFB3D /* Build configuration list for PBXNativeTarget "QA Interview Mobile App" */ = {
			isa = XCConfigurationList;
			buildConfigurations = (
				B168847C234D2FDA000EFB3D /* Debug */,
				B168847D234D2FDA000EFB3D /* Release */,
			);
			defaultConfigurationIsVisible = 0;
			defaultConfigurationName = Release;
		};
/* End XCConfigurationList section */
	};
	rootObject = B168845D234D2FD9000EFB3D /* Project object */;
}
